
Microsoft Visual Studio Solution File, Format Version 12.00
# Visual Studio Version 17
VisualStudioVersion = 17.8.34330.188
MinimumVisualStudioVersion = 10.0.40219.1
Project("{2150E333-8FDC-42A3-9474-1A3956D46DE8}") = "src", "src", "{9A4E9DB2-B7CE-4FB0-9D38-33E80E3C6F85}"
EndProject
Project("{9A19103F-16F7-4668-BE54-9A1E7A4F7556}") = "SourceGenerator", "src\SourceGenerator\SourceGenerator.csproj", "{97E9D8F1-AA6A-45B2-8772-AECDD0CE4A4D}"
EndProject
Project("{2150E333-8FDC-42A3-9474-1A3956D46DE8}") = "Solution Items", "Solution Items", "{8AC0084E-E360-4513-B2B0-AF28542FA12B}"
	ProjectSection(SolutionItems) = preProject
		.editorconfig = .editorconfig
		.gitignore = .gitignore
		README.md = README.md
	EndProjectSection
EndProject
Project("{9A19103F-16F7-4668-BE54-9A1E7A4F7556}") = "Core", "src\Core\Core.csproj", "{BE5BFB7F-AD0C-4237-BA9D-0B82844FD820}"
EndProject
Project("{2150E333-8FDC-42A3-9474-1A3956D46DE8}") = "test", "test", "{F70C3BE1-BCCD-4195-B18C-E1713653B520}"
EndProject
Project("{9A19103F-16F7-4668-BE54-9A1E7A4F7556}") = "SourceGeneratorTests", "test\SourceGeneratorTests\SourceGeneratorTests.csproj", "{B91DFC0E-3C7D-4DFC-BE8F-3E85D6D7CCC2}"
EndProject
Project("{9A19103F-16F7-4668-BE54-9A1E7A4F7556}") = "SampleProject", "test\SampleProject\SampleProject.csproj", "{B92E5C04-6077-4972-A274-B6EFAFB22E55}"
EndProject
Global
	GlobalSection(SolutionConfigurationPlatforms) = preSolution
		Debug|Any CPU = Debug|Any CPU
		Release|Any CPU = Release|Any CPU
	EndGlobalSection
	GlobalSection(ProjectConfigurationPlatforms) = postSolution
		{97E9D8F1-AA6A-45B2-8772-AECDD0CE4A4D}.Debug|Any CPU.ActiveCfg = Debug|Any CPU
		{97E9D8F1-AA6A-45B2-8772-AECDD0CE4A4D}.Debug|Any CPU.Build.0 = Debug|Any CPU
		{97E9D8F1-AA6A-45B2-8772-AECDD0CE4A4D}.Release|Any CPU.ActiveCfg = Release|Any CPU
		{97E9D8F1-AA6A-45B2-8772-AECDD0CE4A4D}.Release|Any CPU.Build.0 = Release|Any CPU
		{BE5BFB7F-AD0C-4237-BA9D-0B82844FD820}.Debug|Any CPU.ActiveCfg = Debug|Any CPU
		{BE5BFB7F-AD0C-4237-BA9D-0B82844FD820}.Debug|Any CPU.Build.0 = Debug|Any CPU
		{BE5BFB7F-AD0C-4237-BA9D-0B82844FD820}.Release|Any CPU.ActiveCfg = Release|Any CPU
		{BE5BFB7F-AD0C-4237-BA9D-0B82844FD820}.Release|Any CPU.Build.0 = Release|Any CPU
		{B91DFC0E-3C7D-4DFC-BE8F-3E85D6D7CCC2}.Debug|Any CPU.ActiveCfg = Debug|Any CPU
		{B91DFC0E-3C7D-4DFC-BE8F-3E85D6D7CCC2}.Debug|Any CPU.Build.0 = Debug|Any CPU
		{B91DFC0E-3C7D-4DFC-BE8F-3E85D6D7CCC2}.Release|Any CPU.ActiveCfg = Release|Any CPU
		{B91DFC0E-3C7D-4DFC-BE8F-3E85D6D7CCC2}.Release|Any CPU.Build.0 = Release|Any CPU
		{B92E5C04-6077-4972-A274-B6EFAFB22E55}.Debug|Any CPU.ActiveCfg = Debug|Any CPU
		{B92E5C04-6077-4972-A274-B6EFAFB22E55}.Debug|Any CPU.Build.0 = Debug|Any CPU
		{B92E5C04-6077-4972-A274-B6EFAFB22E55}.Release|Any CPU.ActiveCfg = Release|Any CPU
		{B92E5C04-6077-4972-A274-B6EFAFB22E55}.Release|Any CPU.Build.0 = Release|Any CPU
	EndGlobalSection
	GlobalSection(SolutionProperties) = preSolution
		HideSolutionNode = FALSE
	EndGlobalSection
	GlobalSection(NestedProjects) = preSolution
		{97E9D8F1-AA6A-45B2-8772-AECDD0CE4A4D} = {9A4E9DB2-B7CE-4FB0-9D38-33E80E3C6F85}
		{BE5BFB7F-AD0C-4237-BA9D-0B82844FD820} = {9A4E9DB2-B7CE-4FB0-9D38-33E80E3C6F85}
		{B91DFC0E-3C7D-4DFC-BE8F-3E85D6D7CCC2} = {F70C3BE1-BCCD-4195-B18C-E1713653B520}
		{B92E5C04-6077-4972-A274-B6EFAFB22E55} = {F70C3BE1-BCCD-4195-B18C-E1713653B520}
	EndGlobalSection
	GlobalSection(ExtensibilityGlobals) = postSolution
		SolutionGuid = {D090084C-DD40-4010-8F47-FE0042240E9E}
	EndGlobalSection
EndGlobal
